
Microsoft Visual Studio Solution File, Format Version 12.00
# Visual Studio 15
VisualStudioVersion = 15.0.28307.902
MinimumVisualStudioVersion = 10.0.40219.1
Project("{8BC9CEB8-8B4A-11D0-8D11-00A0C91BC942}") = "Client", "Client\Client.vcxproj", "{A80CF0ED-CACE-401C-AF5C-F2F3EDA9E6CB}"
EndProject
Global
	GlobalSection(SolutionConfigurationPlatforms) = preSolution
		Debug|x64 = Debug|x64
		Debug|x86 = Debug|x86
		Release|x64 = Release|x64
		Release|x86 = Release|x86
	EndGlobalSection
	GlobalSection(ProjectConfigurationPlatforms) = postSolution
		{A80CF0ED-CACE-401C-AF5C-F2F3EDA9E6CB}.Debug|x64.ActiveCfg = Debug|x64
		{A80CF0ED-CACE-401C-AF5C-F2F3EDA9E6CB}.Debug|x64.Build.0 = Debug|x64
		{A80CF0ED-CACE-401C-AF5C-F2F3EDA9E6CB}.Debug|x86.ActiveCfg = Debug|Win32
		{A80CF0ED-CACE-401C-AF5C-F2F3EDA9E6CB}.Debug|x86.Build.0 = Debug|Win32
		{A80CF0ED-CACE-401C-AF5C-F2F3EDA9E6CB}.Release|x64.ActiveCfg = Release|x64
		{A80CF0ED-CACE-401C-AF5C-F2F3EDA9E6CB}.Release|x64.Build.0 = Release|x64
		{A80CF0ED-CACE-401C-AF5C-F2F3EDA9E6CB}.Release|x86.ActiveCfg = Release|Win32
		{A80CF0ED-CACE-401C-AF5C-F2F3EDA9E6CB}.Release|x86.Build.0 = Release|Win32
	EndGlobalSection
	GlobalSection(SolutionProperties) = preSolution
		HideSolutionNode = FALSE
	EndGlobalSection
	GlobalSection(ExtensibilityGlobals) = postSolution
		SolutionGuid = {CDFA076D-3D9E-4F8D-A409-E54EF259423B}
	EndGlobalSection
EndGlobal
